
Microsoft Visual Studio Solution File, Format Version 12.00
# Visual Studio Version 16
VisualStudioVersion = 16.0.31613.86
MinimumVisualStudioVersion = 10.0.40219.1
Project("{FAE04EC0-301F-11D3-BF4B-00C04F79EFBC}") = "Lesson1", "Lesson1.csproj", "{DB791083-7792-4179-AD9D-8AF583D2B9A9}"
EndProject
Project("{FAE04EC0-301F-11D3-BF4B-00C04F79EFBC}") = "Labs_1_and_2", "..\Labs_1_and_2\Labs_1_and_2.csproj", "{8524E1F4-D8A3-433A-B011-109719A769BA}"
EndProject
Global
	GlobalSection(SolutionConfigurationPlatforms) = preSolution
		Debug|Any CPU = Debug|Any CPU
		Release|Any CPU = Release|Any CPU
	EndGlobalSection
	GlobalSection(ProjectConfigurationPlatforms) = postSolution
		{DB791083-7792-4179-AD9D-8AF583D2B9A9}.Debug|Any CPU.ActiveCfg = Debug|Any CPU
		{DB791083-7792-4179-AD9D-8AF583D2B9A9}.Debug|Any CPU.Build.0 = Debug|Any CPU
		{DB791083-7792-4179-AD9D-8AF583D2B9A9}.Release|Any CPU.ActiveCfg = Release|Any CPU
		{DB791083-7792-4179-AD9D-8AF583D2B9A9}.Release|Any CPU.Build.0 = Release|Any CPU
		{8524E1F4-D8A3-433A-B011-109719A769BA}.Debug|Any CPU.ActiveCfg = Debug|Any CPU
		{8524E1F4-D8A3-433A-B011-109719A769BA}.Debug|Any CPU.Build.0 = Debug|Any CPU
		{8524E1F4-D8A3-433A-B011-109719A769BA}.Release|Any CPU.ActiveCfg = Release|Any CPU
		{8524E1F4-D8A3-433A-B011-109719A769BA}.Release|Any CPU.Build.0 = Release|Any CPU
	EndGlobalSection
	GlobalSection(SolutionProperties) = preSolution
		HideSolutionNode = FALSE
	EndGlobalSection
	GlobalSection(ExtensibilityGlobals) = postSolution
		SolutionGuid = {4B88140B-3004-4C21-AD89-1549296A9C51}
	EndGlobalSection
EndGlobal
